
Microsoft Visual Studio Solution File, Format Version 12.00
# Visual Studio Version 17
VisualStudioVersion = 17.0.31903.59
MinimumVisualStudioVersion = 10.0.40219.1
Project("{2150E333-8FDC-42A3-9474-1A3956D46DE8}") = "src", "src", "{827E0CD3-B72D-47B6-A68D-7590B98EB39B}"
EndProject
Project("{FAE04EC0-301F-11D3-BF4B-00C04F79EFBC}") = "SolidarityGrid.Domain", "src\SolidarityGrid.Domain\SolidarityGrid.Domain.csproj", "{9661124F-6943-4FBE-A4D9-28FF723676B1}"
EndProject
Project("{FAE04EC0-301F-11D3-BF4B-00C04F79EFBC}") = "SolidarityGrid.Application", "src\SolidarityGrid.Application\SolidarityGrid.Application.csproj", "{D33410E6-5A94-41A7-9DB4-68E04EBC0014}"
EndProject
Project("{FAE04EC0-301F-11D3-BF4B-00C04F79EFBC}") = "SolidarityGrid.Contracts", "src\SolidarityGrid.Contracts\SolidarityGrid.Contracts.csproj", "{0996B1B2-F93F-4FCA-9B2B-D9C9C486C3F5}"
EndProject
Project("{FAE04EC0-301F-11D3-BF4B-00C04F79EFBC}") = "SolidarityGrid.Infrastructure", "src\SolidarityGrid.Infrastructure\SolidarityGrid.Infrastructure.csproj", "{9715D6CE-4544-4C91-8B9A-6543B6754DB9}"
EndProject
Project("{FAE04EC0-301F-11D3-BF4B-00C04F79EFBC}") = "SolidarityGrid.Node", "src\SolidarityGrid.Node\SolidarityGrid.Node.csproj", "{5AFD2CBB-4E7D-463F-8901-85E269BA0DD6}"
EndProject
Project("{2150E333-8FDC-42A3-9474-1A3956D46DE8}") = "tests", "tests", "{0AB3BF05-4346-4AA6-1389-037BE0695223}"
EndProject
Project("{FAE04EC0-301F-11D3-BF4B-00C04F79EFBC}") = "SolidarityGrid.UnitTests", "tests\SolidarityGrid.UnitTests\SolidarityGrid.UnitTests.csproj", "{D7327C2E-F885-428E-B426-A65905577132}"
EndProject
Project("{FAE04EC0-301F-11D3-BF4B-00C04F79EFBC}") = "SolidarityGrid.ArchitectureTests", "tests\SolidarityGrid.ArchitectureTests\SolidarityGrid.ArchitectureTests.csproj", "{883FDDE3-A983-4D36-8181-6F39CA433897}"
EndProject
Project("{FAE04EC0-301F-11D3-BF4B-00C04F79EFBC}") = "SolidarityGrid.IntegrationTests", "tests\SolidarityGrid.IntegrationTests\SolidarityGrid.IntegrationTests.csproj", "{119BA3BE-0B62-4C64-8E14-71E3CCC30731}"
EndProject
Global
	GlobalSection(SolutionConfigurationPlatforms) = preSolution
		Debug|Any CPU = Debug|Any CPU
		Debug|x64 = Debug|x64
		Debug|x86 = Debug|x86
		Release|Any CPU = Release|Any CPU
		Release|x64 = Release|x64
		Release|x86 = Release|x86
	EndGlobalSection
	GlobalSection(ProjectConfigurationPlatforms) = postSolution
		{9661124F-6943-4FBE-A4D9-28FF723676B1}.Debug|Any CPU.ActiveCfg = Debug|Any CPU
		{9661124F-6943-4FBE-A4D9-28FF723676B1}.Debug|Any CPU.Build.0 = Debug|Any CPU
		{9661124F-6943-4FBE-A4D9-28FF723676B1}.Debug|x64.ActiveCfg = Debug|Any CPU
		{9661124F-6943-4FBE-A4D9-28FF723676B1}.Debug|x64.Build.0 = Debug|Any CPU
		{9661124F-6943-4FBE-A4D9-28FF723676B1}.Debug|x86.ActiveCfg = Debug|Any CPU
		{9661124F-6943-4FBE-A4D9-28FF723676B1}.Debug|x86.Build.0 = Debug|Any CPU
		{9661124F-6943-4FBE-A4D9-28FF723676B1}.Release|Any CPU.ActiveCfg = Release|Any CPU
		{9661124F-6943-4FBE-A4D9-28FF723676B1}.Release|Any CPU.Build.0 = Release|Any CPU
		{9661124F-6943-4FBE-A4D9-28FF723676B1}.Release|x64.ActiveCfg = Release|Any CPU
		{9661124F-6943-4FBE-A4D9-28FF723676B1}.Release|x64.Build.0 = Release|Any CPU
		{9661124F-6943-4FBE-A4D9-28FF723676B1}.Release|x86.ActiveCfg = Release|Any CPU
		{9661124F-6943-4FBE-A4D9-28FF723676B1}.Release|x86.Build.0 = Release|Any CPU
		{D33410E6-5A94-41A7-9DB4-68E04EBC0014}.Debug|Any CPU.ActiveCfg = Debug|Any CPU
		{D33410E6-5A94-41A7-9DB4-68E04EBC0014}.Debug|Any CPU.Build.0 = Debug|Any CPU
		{D33410E6-5A94-41A7-9DB4-68E04EBC0014}.Debug|x64.ActiveCfg = Debug|Any CPU
		{D33410E6-5A94-41A7-9DB4-68E04EBC0014}.Debug|x64.Build.0 = Debug|Any CPU
		{D33410E6-5A94-41A7-9DB4-68E04EBC0014}.Debug|x86.ActiveCfg = Debug|Any CPU
		{D33410E6-5A94-41A7-9DB4-68E04EBC0014}.Debug|x86.Build.0 = Debug|Any CPU
		{D33410E6-5A94-41A7-9DB4-68E04EBC0014}.Release|Any CPU.ActiveCfg = Release|Any CPU
		{D33410E6-5A94-41A7-9DB4-68E04EBC0014}.Release|Any CPU.Build.0 = Release|Any CPU
		{D33410E6-5A94-41A7-9DB4-68E04EBC0014}.Release|x64.ActiveCfg = Release|Any CPU
		{D33410E6-5A94-41A7-9DB4-68E04EBC0014}.Release|x64.Build.0 = Release|Any CPU
		{D33410E6-5A94-41A7-9DB4-68E04EBC0014}.Release|x86.ActiveCfg = Release|Any CPU
		{D33410E6-5A94-41A7-9DB4-68E04EBC0014}.Release|x86.Build.0 = Release|Any CPU
		{0996B1B2-F93F-4FCA-9B2B-D9C9C486C3F5}.Debug|Any CPU.ActiveCfg = Debug|Any CPU
		{0996B1B2-F93F-4FCA-9B2B-D9C9C486C3F5}.Debug|Any CPU.Build.0 = Debug|Any CPU
		{0996B1B2-F93F-4FCA-9B2B-D9C9C486C3F5}.Debug|x64.ActiveCfg = Debug|Any CPU
		{0996B1B2-F93F-4FCA-9B2B-D9C9C486C3F5}.Debug|x64.Build.0 = Debug|Any CPU
		{0996B1B2-F93F-4FCA-9B2B-D9C9C486C3F5}.Debug|x86.ActiveCfg = Debug|Any CPU
		{0996B1B2-F93F-4FCA-9B2B-D9C9C486C3F5}.Debug|x86.Build.0 = Debug|Any CPU
		{0996B1B2-F93F-4FCA-9B2B-D9C9C486C3F5}.Release|Any CPU.ActiveCfg = Release|Any CPU
		{0996B1B2-F93F-4FCA-9B2B-D9C9C486C3F5}.Release|Any CPU.Build.0 = Release|Any CPU
		{0996B1B2-F93F-4FCA-9B2B-D9C9C486C3F5}.Release|x64.ActiveCfg = Release|Any CPU
		{0996B1B2-F93F-4FCA-9B2B-D9C9C486C3F5}.Release|x64.Build.0 = Release|Any CPU
		{0996B1B2-F93F-4FCA-9B2B-D9C9C486C3F5}.Release|x86.ActiveCfg = Release|Any CPU
		{0996B1B2-F93F-4FCA-9B2B-D9C9C486C3F5}.Release|x86.Build.0 = Release|Any CPU
		{9715D6CE-4544-4C91-8B9A-6543B6754DB9}.Debug|Any CPU.ActiveCfg = Debug|Any CPU
		{9715D6CE-4544-4C91-8B9A-6543B6754DB9}.Debug|Any CPU.Build.0 = Debug|Any CPU
		{9715D6CE-4544-4C91-8B9A-6543B6754DB9}.Debug|x64.ActiveCfg = Debug|Any CPU
		{9715D6CE-4544-4C91-8B9A-6543B6754DB9}.Debug|x64.Build.0 = Debug|Any CPU
		{9715D6CE-4544-4C91-8B9A-6543B6754DB9}.Debug|x86.ActiveCfg = Debug|Any CPU
		{9715D6CE-4544-4C91-8B9A-6543B6754DB9}.Debug|x86.Build.0 = Debug|Any CPU
		{9715D6CE-4544-4C91-8B9A-6543B6754DB9}.Release|Any CPU.ActiveCfg = Release|Any CPU
		{9715D6CE-4544-4C91-8B9A-6543B6754DB9}.Release|Any CPU.Build.0 = Release|Any CPU
		{9715D6CE-4544-4C91-8B9A-6543B6754DB9}.Release|x64.ActiveCfg = Release|Any CPU
		{9715D6CE-4544-4C91-8B9A-6543B6754DB9}.Release|x64.Build.0 = Release|Any CPU
		{9715D6CE-4544-4C91-8B9A-6543B6754DB9}.Release|x86.ActiveCfg = Release|Any CPU
		{9715D6CE-4544-4C91-8B9A-6543B6754DB9}.Release|x86.Build.0 = Release|Any CPU
		{5AFD2CBB-4E7D-463F-8901-85E269BA0DD6}.Debug|Any CPU.ActiveCfg = Debug|Any CPU
		{5AFD2CBB-4E7D-463F-8901-85E269BA0DD6}.Debug|Any CPU.Build.0 = Debug|Any CPU
		{5AFD2CBB-4E7D-463F-8901-85E269BA0DD6}.Debug|x64.ActiveCfg = Debug|Any CPU
		{5AFD2CBB-4E7D-463F-8901-85E269BA0DD6}.Debug|x64.Build.0 = Debug|Any CPU
		{5AFD2CBB-4E7D-463F-8901-85E269BA0DD6}.Debug|x86.ActiveCfg = Debug|Any CPU
		{5AFD2CBB-4E7D-463F-8901-85E269BA0DD6}.Debug|x86.Build.0 = Debug|Any CPU
		{5AFD2CBB-4E7D-463F-8901-85E269BA0DD6}.Release|Any CPU.ActiveCfg = Release|Any CPU
		{5AFD2CBB-4E7D-463F-8901-85E269BA0DD6}.Release|Any CPU.Build.0 = Release|Any CPU
		{5AFD2CBB-4E7D-463F-8901-85E269BA0DD6}.Release|x64.ActiveCfg = Release|Any CPU
		{5AFD2CBB-4E7D-463F-8901-85E269BA0DD6}.Release|x64.Build.0 = Release|Any CPU
		{5AFD2CBB-4E7D-463F-8901-85E269BA0DD6}.Release|x86.ActiveCfg = Release|Any CPU
		{5AFD2CBB-4E7D-463F-8901-85E269BA0DD6}.Release|x86.Build.0 = Release|Any CPU
		{D7327C2E-F885-428E-B426-A65905577132}.Debug|Any CPU.ActiveCfg = Debug|Any CPU
		{D7327C2E-F885-428E-B426-A65905577132}.Debug|Any CPU.Build.0 = Debug|Any CPU
		{D7327C2E-F885-428E-B426-A65905577132}.Debug|x64.ActiveCfg = Debug|Any CPU
		{D7327C2E-F885-428E-B426-A65905577132}.Debug|x64.Build.0 = Debug|Any CPU
		{D7327C2E-F885-428E-B426-A65905577132}.Debug|x86.ActiveCfg = Debug|Any CPU
		{D7327C2E-F885-428E-B426-A65905577132}.Debug|x86.Build.0 = Debug|Any CPU
		{D7327C2E-F885-428E-B426-A65905577132}.Release|Any CPU.ActiveCfg = Release|Any CPU
		{D7327C2E-F885-428E-B426-A65905577132}.Release|Any CPU.Build.0 = Release|Any CPU
		{D7327C2E-F885-428E-B426-A65905577132}.Release|x64.ActiveCfg = Release|Any CPU
		{D7327C2E-F885-428E-B426-A65905577132}.Release|x64.Build.0 = Release|Any CPU
		{D7327C2E-F885-428E-B426-A65905577132}.Release|x86.ActiveCfg = Release|Any CPU
		{D7327C2E-F885-428E-B426-A65905577132}.Release|x86.Build.0 = Release|Any CPU
		{883FDDE3-A983-4D36-8181-6F39CA433897}.Debug|Any CPU.ActiveCfg = Debug|Any CPU
		{883FDDE3-A983-4D36-8181-6F39CA433897}.Debug|Any CPU.Build.0 = Debug|Any CPU
		{883FDDE3-A983-4D36-8181-6F39CA433897}.Debug|x64.ActiveCfg = Debug|Any CPU
		{883FDDE3-A983-4D36-8181-6F39CA433897}.Debug|x64.Build.0 = Debug|Any CPU
		{883FDDE3-A983-4D36-8181-6F39CA433897}.Debug|x86.ActiveCfg = Debug|Any CPU
		{883FDDE3-A983-4D36-8181-6F39CA433897}.Debug|x86.Build.0 = Debug|Any CPU
		{883FDDE3-A983-4D36-8181-6F39CA433897}.Release|Any CPU.ActiveCfg = Release|Any CPU
		{883FDDE3-A983-4D36-8181-6F39CA433897}.Release|Any CPU.Build.0 = Release|Any CPU
		{883FDDE3-A983-4D36-8181-6F39CA433897}.Release|x64.ActiveCfg = Release|Any CPU
		{883FDDE3-A983-4D36-8181-6F39CA433897}.Release|x64.Build.0 = Release|Any CPU
		{883FDDE3-A983-4D36-8181-6F39CA433897}.Release|x86.ActiveCfg = Release|Any CPU
		{883FDDE3-A983-4D36-8181-6F39CA433897}.Release|x86.Build.0 = Release|Any CPU
		{119BA3BE-0B62-4C64-8E14-71E3CCC30731}.Debug|Any CPU.ActiveCfg = Debug|Any CPU
		{119BA3BE-0B62-4C64-8E14-71E3CCC30731}.Debug|Any CPU.Build.0 = Debug|Any CPU
		{119BA3BE-0B62-4C64-8E14-71E3CCC30731}.Debug|x64.ActiveCfg = Debug|Any CPU
		{119BA3BE-0B62-4C64-8E14-71E3CCC30731}.Debug|x64.Build.0 = Debug|Any CPU
		{119BA3BE-0B62-4C64-8E14-71E3CCC30731}.Debug|x86.ActiveCfg = Debug|Any CPU
		{119BA3BE-0B62-4C64-8E14-71E3CCC30731}.Debug|x86.Build.0 = Debug|Any CPU
		{119BA3BE-0B62-4C64-8E14-71E3CCC30731}.Release|Any CPU.ActiveCfg = Release|Any CPU
		{119BA3BE-0B62-4C64-8E14-71E3CCC30731}.Release|Any CPU.Build.0 = Release|Any CPU
		{119BA3BE-0B62-4C64-8E14-71E3CCC30731}.Release|x64.ActiveCfg = Release|Any CPU
		{119BA3BE-0B62-4C64-8E14-71E3CCC30731}.Release|x64.Build.0 = Release|Any CPU
		{119BA3BE-0B62-4C64-8E14-71E3CCC30731}.Release|x86.ActiveCfg = Release|Any CPU
		{119BA3BE-0B62-4C64-8E14-71E3CCC30731}.Release|x86.Build.0 = Release|Any CPU
	EndGlobalSection
	GlobalSection(SolutionProperties) = preSolution
		HideSolutionNode = FALSE
	EndGlobalSection
	GlobalSection(NestedProjects) = preSolution
		{9661124F-6943-4FBE-A4D9-28FF723676B1} = {827E0CD3-B72D-47B6-A68D-7590B98EB39B}
		{D33410E6-5A94-41A7-9DB4-68E04EBC0014} = {827E0CD3-B72D-47B6-A68D-7590B98EB39B}
		{0996B1B2-F93F-4FCA-9B2B-D9C9C486C3F5} = {827E0CD3-B72D-47B6-A68D-7590B98EB39B}
		{9715D6CE-4544-4C91-8B9A-6543B6754DB9} = {827E0CD3-B72D-47B6-A68D-7590B98EB39B}
		{5AFD2CBB-4E7D-463F-8901-85E269BA0DD6} = {827E0CD3-B72D-47B6-A68D-7590B98EB39B}
		{D7327C2E-F885-428E-B426-A65905577132} = {0AB3BF05-4346-4AA6-1389-037BE0695223}
		{883FDDE3-A983-4D36-8181-6F39CA433897} = {0AB3BF05-4346-4AA6-1389-037BE0695223}
		{119BA3BE-0B62-4C64-8E14-71E3CCC30731} = {0AB3BF05-4346-4AA6-1389-037BE0695223}
	EndGlobalSection
EndGlobal
